
Microsoft Visual Studio Solution File, Format Version 12.00
# Visual Studio Version 17
VisualStudioVersion = 17.9.34607.119
MinimumVisualStudioVersion = 10.0.40219.1
Project("{FAE04EC0-301F-11D3-BF4B-00C04F79EFBC}") = "VariableTesting", "VariableTesting.csproj", "{CFBA7229-02B6-48EF-97D6-56E98EF69589}"
EndProject
Global
	GlobalSection(SolutionConfigurationPlatforms) = preSolution
		Debug|Any CPU = Debug|Any CPU
		Release|Any CPU = Release|Any CPU
	EndGlobalSection
	GlobalSection(ProjectConfigurationPlatforms) = postSolution
		{CFBA7229-02B6-48EF-97D6-56E98EF69589}.Debug|Any CPU.ActiveCfg = Debug|Any CPU
		{CFBA7229-02B6-48EF-97D6-56E98EF69589}.Debug|Any CPU.Build.0 = Debug|Any CPU
		{CFBA7229-02B6-48EF-97D6-56E98EF69589}.Release|Any CPU.ActiveCfg = Release|Any CPU
		{CFBA7229-02B6-48EF-97D6-56E98EF69589}.Release|Any CPU.Build.0 = Release|Any CPU
	EndGlobalSection
	GlobalSection(SolutionProperties) = preSolution
		HideSolutionNode = FALSE
	EndGlobalSection
	GlobalSection(ExtensibilityGlobals) = postSolution
		SolutionGuid = {D9DA2D54-C266-461A-A58F-4781DADE4CBE}
	EndGlobalSection
EndGlobal
